
Microsoft Visual Studio Solution File, Format Version 12.00
# Visual Studio 15
VisualStudioVersion = 15.0.28307.421
MinimumVisualStudioVersion = 10.0.40219.1
Project("{00D1A9C2-B5F0-4AF3-8072-F6C62B433612}") = "DatabaseBTC", "DatabaseBTC\DatabaseBTC.sqlproj", "{B241561E-C29E-4B07-B665-8617250864A5}"
EndProject
Global
	GlobalSection(SolutionConfigurationPlatforms) = preSolution
		Debug|Any CPU = Debug|Any CPU
		Release|Any CPU = Release|Any CPU
	EndGlobalSection
	GlobalSection(ProjectConfigurationPlatforms) = postSolution
		{B241561E-C29E-4B07-B665-8617250864A5}.Debug|Any CPU.ActiveCfg = Debug|Any CPU
		{B241561E-C29E-4B07-B665-8617250864A5}.Debug|Any CPU.Build.0 = Debug|Any CPU
		{B241561E-C29E-4B07-B665-8617250864A5}.Debug|Any CPU.Deploy.0 = Debug|Any CPU
		{B241561E-C29E-4B07-B665-8617250864A5}.Release|Any CPU.ActiveCfg = Release|Any CPU
		{B241561E-C29E-4B07-B665-8617250864A5}.Release|Any CPU.Build.0 = Release|Any CPU
		{B241561E-C29E-4B07-B665-8617250864A5}.Release|Any CPU.Deploy.0 = Release|Any CPU
	EndGlobalSection
	GlobalSection(SolutionProperties) = preSolution
		HideSolutionNode = FALSE
	EndGlobalSection
	GlobalSection(ExtensibilityGlobals) = postSolution
		SolutionGuid = {0EB8FD3D-14CE-4853-B571-F919A01A58C2}
	EndGlobalSection
EndGlobal
